
Microsoft Visual Studio Solution File, Format Version 12.00
# Visual Studio 2013
VisualStudioVersion = 12.0.30501.0
MinimumVisualStudioVersion = 10.0.40219.1
Project("{FAE04EC0-301F-11D3-BF4B-00C04F79EFBC}") = "Physics", "Science\Physics.csproj", "{409C4E7F-5C87-4F73-BC0A-3FC5B6191EEF}"
EndProject
Global
	GlobalSection(SolutionConfigurationPlatforms) = preSolution
		Debug|x86 = Debug|x86
		Release|x86 = Release|x86
	EndGlobalSection
	GlobalSection(ProjectConfigurationPlatforms) = postSolution
		{409C4E7F-5C87-4F73-BC0A-3FC5B6191EEF}.Debug|x86.ActiveCfg = Debug|x86
		{409C4E7F-5C87-4F73-BC0A-3FC5B6191EEF}.Debug|x86.Build.0 = Debug|x86
		{409C4E7F-5C87-4F73-BC0A-3FC5B6191EEF}.Release|x86.ActiveCfg = Release|x86
		{409C4E7F-5C87-4F73-BC0A-3FC5B6191EEF}.Release|x86.Build.0 = Release|x86
	EndGlobalSection
	GlobalSection(SolutionProperties) = preSolution
		HideSolutionNode = FALSE
	EndGlobalSection
EndGlobal
